lockfileVersion: '6.0'

settings:
  autoInstallPeers: true
  excludeLinksFromLockfile: false

devDependencies:
  vitepress:
    specifier: 1.0.0-alpha.28
    version: 1.0.0-alpha.28(search-insights@2.17.3)
  vue:
    specifier: 3.2.44
    version: 3.2.44

packages:

  /@algolia/abtesting@1.12.1:
    resolution: {integrity: sha512-Y+7e2uPe376OH5O73OB1+vR40ZhbV2kzGh/AR/dPCWguoBOp1IK0o+uZQLX+7i32RMMBEKl3pj6KVEav100Kvg==}
    engines: {node: '>= 14.0.0'}
    dependencies:
      '@algolia/client-common': 5.46.1
      '@algolia/requester-browser-xhr': 5.46.1
      '@algolia/requester-fetch': 5.46.1
      '@algolia/requester-node-http': 5.46.1
    dev: true

  /@algolia/autocomplete-core@1.17.9(algoliasearch@5.46.1)(search-insights@2.17.3):
    resolution: {integrity: sha512-O7BxrpLDPJWWHv/DLA9DRFWs+iY1uOJZkqUwjS5HSZAGcl0hIVCQ97LTLewiZmZ402JYUrun+8NqFP+hCknlbQ==}
    dependencies:
      '@algolia/autocomplete-plugin-algolia-insights': 1.17.9(algoliasearch@5.46.1)(search-insights@2.17.3)
      '@algolia/autocomplete-shared': 1.17.9(algoliasearch@5.46.1)
    transitivePeerDependencies:
      - '@algolia/client-search'
      - algoliasearch
      - search-insights
    dev: true

  /@algolia/autocomplete-plugin-algolia-insights@1.17.9(algoliasearch@5.46.1)(search-insights@2.17.3):
    resolution: {integrity: sha512-u1fEHkCbWF92DBeB/KHeMacsjsoI0wFhjZtlCq2ddZbAehshbZST6Hs0Avkc0s+4UyBGbMDnSuXHLuvRWK5iDQ==}
    peerDependencies:
      search-insights: '>= 1 < 3'
    dependencies:
      '@algolia/autocomplete-shared': 1.17.9(algoliasearch@5.46.1)
      search-insights: 2.17.3
    transitivePeerDependencies:
      - '@algolia/client-search'
      - algoliasearch
    dev: true

  /@algolia/autocomplete-preset-algolia@1.17.9(algoliasearch@5.46.1):
    resolution: {integrity: sha512-Na1OuceSJeg8j7ZWn5ssMu/Ax3amtOwk76u4h5J4eK2Nx2KB5qt0Z4cOapCsxot9VcEN11ADV5aUSlQF4RhGjQ==}
    peerDependencies:
      '@algolia/client-search': '>= 4.9.1 < 6'
      algoliasearch: '>= 4.9.1 < 6'
    peerDependenciesMeta:
      '@algolia/client-search':
        optional: true
    dependencies:
      '@algolia/autocomplete-shared': 1.17.9(algoliasearch@5.46.1)
      algoliasearch: 5.46.1
    dev: true

  /@algolia/autocomplete-shared@1.17.9(algoliasearch@5.46.1):
    resolution: {integrity: sha512-iDf05JDQ7I0b7JEA/9IektxN/80a2MZ1ToohfmNS3rfeuQnIKI3IJlIafD0xu4StbtQTghx9T3Maa97ytkXenQ==}
    peerDependencies:
      '@algolia/client-search': '>= 4.9.1 < 6'
      algoliasearch: '>= 4.9.1 < 6'
    peerDependenciesMeta:
      '@algolia/client-search':
        optional: true
    dependencies:
      algoliasearch: 5.46.1
    dev: true

  /@algolia/client-abtesting@5.46.1:
    resolution: {integrity: sha512-5SWfl0UGuKxMBYlU2Y9BnlIKKEyhFU5jHE9F9jAd8nbhxZNLk0y7fXE+AZeFtyK1lkVw6O4B/e6c3XIVVCkmqw==}
    engines: {node: '>= 14.0.0'}
    dependencies:
      '@algolia/client-common': 5.46.1
      '@algolia/requester-browser-xhr': 5.46.1
      '@algolia/requester-fetch': 5.46.1
      '@algolia/requester-node-http': 5.46.1
    dev: true

  /@algolia/client-analytics@5.46.1:
    resolution: {integrity: sha512-496K6B1l/0Jvyp3MbW/YIgmm1a6nkTrKXBM7DoEy9YAOJ8GywGpa2UYjNCW1UrOTt+em1ECzDjRx7PIzTR9YvA==}
    engines: {node: '>= 14.0.0'}
    dependencies:
      '@algolia/client-common': 5.46.1
      '@algolia/requester-browser-xhr': 5.46.1
      '@algolia/requester-fetch': 5.46.1
      '@algolia/requester-node-http': 5.46.1
    dev: true

  /@algolia/client-common@5.46.1:
    resolution: {integrity: sha512-3u6AuZ1Kiss6V5JPuZfVIUYfPi8im06QBCgKqLg82GUBJ3SwhiTdSZFIEgz2mzFuitFdW1PQi3c/65zE/3FgIw==}
    engines: {node: '>= 14.0.0'}
    dev: true

  /@algolia/client-insights@5.46.1:
    resolution: {integrity: sha512-LwuWjdO35HHl1rxtdn48t920Xl26Dl0SMxjxjFeAK/OwK/pIVfYjOZl/f3Pnm7Kixze+6HjpByVxEaqhTuAFaw==}
    engines: {node: '>= 14.0.0'}
    dependencies:
      '@algolia/client-common': 5.46.1
      '@algolia/requester-browser-xhr': 5.46.1
      '@algolia/requester-fetch': 5.46.1
      '@algolia/requester-node-http': 5.46.1
    dev: true

  /@algolia/client-personalization@5.46.1:
    resolution: {integrity: sha512-6LvJAlfEsn9SVq63MYAFX2iUxztUK2Q7BVZtI1vN87lDiJ/tSVFKgKS/jBVO03A39ePxJQiFv6EKv7lmoGlWtQ==}
    engines: {node: '>= 14.0.0'}
    dependencies:
      '@algolia/client-common': 5.46.1
      '@algolia/requester-browser-xhr': 5.46.1
      '@algolia/requester-fetch': 5.46.1
      '@algolia/requester-node-http': 5.46.1
    dev: true

  /@algolia/client-query-suggestions@5.46.1:
    resolution: {integrity: sha512-9GLUCyGGo7YOXHcNqbzca82XYHJTbuiI6iT0FTGc0BrnV2N4OcrznUuVKic/duiLSun5gcy/G2Bciw5Sav9f9w==}
    engines: {node: '>= 14.0.0'}
    dependencies:
      '@algolia/client-common': 5.46.1
      '@algolia/requester-browser-xhr': 5.46.1
      '@algolia/requester-fetch': 5.46.1
      '@algolia/requester-node-http': 5.46.1
    dev: true

  /@algolia/client-search@5.46.1:
    resolution: {integrity: sha512-NL76o/BoEgU4ObY5oBEC3o6KSPpuXsnSta00tAxTm1iKUWOGR34DQEKhUt8xMHhMKleUNPM/rLPFiIVtfsGU8w==}
    engines: {node: '>= 14.0.0'}
    dependencies:
      '@algolia/client-common': 5.46.1
      '@algolia/requester-browser-xhr': 5.46.1
      '@algolia/requester-fetch': 5.46.1
      '@algolia/requester-node-http': 5.46.1
    dev: true

  /@algolia/ingestion@1.46.1:
    resolution: {integrity: sha512-52Nc8WKC1FFXsdlXlTMl1Re/pTAbd2DiJiNdYmgHiikZcfF96G+Opx4qKiLUG1q7zp9e+ahNwXF6ED0XChMywg==}
    engines: {node: '>= 14.0.0'}
    dependencies:
      '@algolia/client-common': 5.46.1
      '@algolia/requester-browser-xhr': 5.46.1
      '@algolia/requester-fetch': 5.46.1
      '@algolia/requester-node-http': 5.46.1
    dev: true

  /@algolia/monitoring@1.46.1:
    resolution: {integrity: sha512-1x2/2Y/eqz6l3QcEZ8u/zMhSCpjlhePyizJd3sXrmg031HjayYT5+IxikjpqkdF7TU/deCTd/TFUcxLJ2ZHXiQ==}
    engines: {node: '>= 14.0.0'}
    dependencies:
      '@algolia/client-common': 5.46.1
      '@algolia/requester-browser-xhr': 5.46.1
      '@algolia/requester-fetch': 5.46.1
      '@algolia/requester-node-http': 5.46.1
    dev: true

  /@algolia/recommend@5.46.1:
    resolution: {integrity: sha512-SSd3KlQuplxV3aRs5+Z09XilFesgpPjtCG7BGRxLTVje5hn9BLmhjO4W3gKw01INUt44Z1r0Fwx5uqnhAouunA==}
    engines: {node: '>= 14.0.0'}
    dependencies:
      '@algolia/client-common': 5.46.1
      '@algolia/requester-browser-xhr': 5.46.1
      '@algolia/requester-fetch': 5.46.1
      '@algolia/requester-node-http': 5.46.1
    dev: true

  /@algolia/requester-browser-xhr@5.46.1:
    resolution: {integrity: sha512-3GfCwudeW6/3caKSdmOP6RXZEL4F3GiemCaXEStkTt2Re8f7NcGYAAZnGlHsCzvhlNEuDzPYdYxh4UweY8l/2w==}
    engines: {node: '>= 14.0.0'}
    dependencies:
      '@algolia/client-common': 5.46.1
    dev: true

  /@algolia/requester-fetch@5.46.1:
    resolution: {integrity: sha512-JUAxYfmnLYTVtAOFxVvXJ4GDHIhMuaP7JGyZXa/nCk3P8RrN5FCNTdRyftSnxyzwSIAd8qH3CjdBS9WwxxqcHQ==}
    engines: {node: '>= 14.0.0'}
    dependencies:
      '@algolia/client-common': 5.46.1
    dev: true

  /@algolia/requester-node-http@5.46.1:
    resolution: {integrity: sha512-VwbhV1xvTGiek3d2pOS6vNBC4dtbNadyRT+i1niZpGhOJWz1XnfhxNboVbXPGAyMJYz7kDrolbDvEzIDT93uUA==}
    engines: {node: '>= 14.0.0'}
    dependencies:
      '@algolia/client-common': 5.46.1
    dev: true

  /@babel/helper-string-parser@7.27.1:
    resolution: {integrity: sha512-qMlSxKbpRlAridDExk92nSobyDdpPijUq2DW6oDnUqd0iOGxmQjyqhMIihI9+zv4LPyZdRje2cavWPbCbWm3eA==}
    engines: {node: '>=6.9.0'}
    dev: true

  /@babel/helper-validator-identifier@7.28.5:
    resolution: {integrity: sha512-qSs4ifwzKJSV39ucNjsvc6WVHs6b7S03sOh2OcHF9UHfVPqWWALUsNUVzhSBiItjRZoLHx7nIarVjqKVusUZ1Q==}
    engines: {node: '>=6.9.0'}
    dev: true

  /@babel/parser@7.28.5:
    resolution: {integrity: sha512-KKBU1VGYR7ORr3At5HAtUQ+TV3SzRCXmA/8OdDZiLDBIZxVyzXuztPjfLd3BV1PRAQGCMWWSHYhL0F8d5uHBDQ==}
    engines: {node: '>=6.0.0'}
    hasBin: true
    dependencies:
      '@babel/types': 7.28.5
    dev: true

  /@babel/types@7.28.5:
    resolution: {integrity: sha512-qQ5m48eI/MFLQ5PxQj4PFaprjyCTLI37ElWMmNs0K8Lk3dVeOdNpB3ks8jc7yM5CDmVC73eMVk/trk3fgmrUpA==}
    engines: {node: '>=6.9.0'}
    dependencies:
      '@babel/helper-string-parser': 7.27.1
      '@babel/helper-validator-identifier': 7.28.5
    dev: true

  /@docsearch/css@3.9.0:
    resolution: {integrity: sha512-cQbnVbq0rrBwNAKegIac/t6a8nWoUAn8frnkLFW6YARaRmAQr5/Eoe6Ln2fqkUCZ40KpdrKbpSAmgrkviOxuWA==}
    dev: true

  /@docsearch/js@3.9.0(search-insights@2.17.3):
    resolution: {integrity: sha512-4bKHcye6EkLgRE8ze0vcdshmEqxeiJM77M0JXjef7lrYZfSlMunrDOCqyLjiZyo1+c0BhUqA2QpFartIjuHIjw==}
    dependencies:
      '@docsearch/react': 3.9.0(search-insights@2.17.3)
      preact: 10.28.0
    transitivePeerDependencies:
      - '@algolia/client-search'
      - '@types/react'
      - react
      - react-dom
      - search-insights
    dev: true

  /@docsearch/react@3.9.0(search-insights@2.17.3):
    resolution: {integrity: sha512-mb5FOZYZIkRQ6s/NWnM98k879vu5pscWqTLubLFBO87igYYT4VzVazh4h5o/zCvTIZgEt3PvsCOMOswOUo9yHQ==}
    peerDependencies:
      '@types/react': '>= 16.8.0 < 20.0.0'
      react: '>= 16.8.0 < 20.0.0'
      react-dom: '>= 16.8.0 < 20.0.0'
      search-insights: '>= 1 < 3'
    peerDependenciesMeta:
      '@types/react':
        optional: true
      react:
        optional: true
      react-dom:
        optional: true
      search-insights:
        optional: true
    dependencies:
      '@algolia/autocomplete-core': 1.17.9(algoliasearch@5.46.1)(search-insights@2.17.3)
      '@algolia/autocomplete-preset-algolia': 1.17.9(algoliasearch@5.46.1)
      '@docsearch/css': 3.9.0
      algoliasearch: 5.46.1
      search-insights: 2.17.3
    transitivePeerDependencies:
      - '@algolia/client-search'
    dev: true

  /@esbuild/android-arm@0.15.18:
    resolution: {integrity: sha512-5GT+kcs2WVGjVs7+boataCkO5Fg0y4kCjzkB5bAip7H4jfnOS3dA6KPiww9W1OEKTKeAcUVhdZGvgI65OXmUnw==}
    engines: {node: '>=12'}
    cpu: [arm]
    os: [android]
    requiresBuild: true
    dev: true
    optional: true

  /@esbuild/linux-loong64@0.15.18:
    resolution: {integrity: sha512-L4jVKS82XVhw2nvzLg/19ClLWg0y27ulRwuP7lcyL6AbUWB5aPglXY3M21mauDQMDfRLs8cQmeT03r/+X3cZYQ==}
    engines: {node: '>=12'}
    cpu: [loong64]
    os: [linux]
    requiresBuild: true
    dev: true
    optional: true

  /@types/web-bluetooth@0.0.16:
    resolution: {integrity: sha512-oh8q2Zc32S6gd/j50GowEjKLoOVOwHP/bWVjKJInBwQqdOYMdPrf1oVlelTlyfFK3CKxL1uahMDAr+vy8T7yMQ==}
    dev: true

  /@vitejs/plugin-vue@3.2.0(vite@3.2.11)(vue@3.2.44):
    resolution: {integrity: sha512-E0tnaL4fr+qkdCNxJ+Xd0yM31UwMkQje76fsDVBBUCoGOUPexu2VDUYHL8P4CwV+zMvWw6nlRw19OnRKmYAJpw==}
    engines: {node: ^14.18.0 || >=16.0.0}
    peerDependencies:
      vite: ^3.0.0
      vue: ^3.2.25
    dependencies:
      vite: 3.2.11
      vue: 3.2.44
    dev: true

  /@vue/compiler-core@3.2.44:
    resolution: {integrity: sha512-TwzeVSnaklb8wIvMtwtkPkt9wnU+XD70xJ7N9+eIHtjKAG7OoZttm+14ZL6vWOL+2RcMtSZ+cYH+gvkUqsrmSQ==}
    dependencies:
      '@babel/parser': 7.28.5
      '@vue/shared': 3.2.44
      estree-walker: 2.0.2
      source-map: 0.6.1
    dev: true

  /@vue/compiler-dom@3.2.44:
    resolution: {integrity: sha512-wPDR+gOn2Qi7SudPJ+gE62vuO/aKXIiIFALvHpztXmDdbAHGy3CDfmBgOGchTgTlSeDJHe9olEMkgOdmyXTjUg==}
    dependencies:
      '@vue/compiler-core': 3.2.44
      '@vue/shared': 3.2.44
    dev: true

  /@vue/compiler-sfc@3.2.44:
    resolution: {integrity: sha512-8cFZcUWlrtnfM/GlRwYJdlfgbEOy0OZ/osLDU3h/wJu24HuYAc7QIML1USaKqiZzkjOaTd4y8mvYvcWXq3o5dA==}
    dependencies:
      '@babel/parser': 7.28.5
      '@vue/compiler-core': 3.2.44
      '@vue/compiler-dom': 3.2.44
      '@vue/compiler-ssr': 3.2.44
      '@vue/reactivity-transform': 3.2.44
      '@vue/shared': 3.2.44
      estree-walker: 2.0.2
      magic-string: 0.25.9
      postcss: 8.5.6
      source-map: 0.6.1
    dev: true

  /@vue/compiler-ssr@3.2.44:
    resolution: {integrity: sha512-tAkUFLgvxds3l5KPyAH77OIYrEeLngNYQfWA9GocHiy2nlyajjqAH/Jq93Bq29Y20GeJzblmRp9DVYCVkJ5Rsw==}
    dependencies:
      '@vue/compiler-dom': 3.2.44
      '@vue/shared': 3.2.44
    dev: true

  /@vue/devtools-api@6.6.4:
    resolution: {integrity: sha512-sGhTPMuXqZ1rVOk32RylztWkfXTRhuS7vgAKv0zjqk8gbsHkJ7xfFf+jbySxt7tWObEJwyKaHMikV/WGDiQm8g==}
    dev: true

  /@vue/reactivity-transform@3.2.44:
    resolution: {integrity: sha512-WGbEiXaS2qAOTS9Z3kKk2Nk4bi8OUl73Sih+h0XV9RTUATnaJSEQedveHUDQnHyXiZwyBMKosrxJg8aThHO/rw==}
    dependencies:
      '@babel/parser': 7.28.5
      '@vue/compiler-core': 3.2.44
      '@vue/shared': 3.2.44
      estree-walker: 2.0.2
      magic-string: 0.25.9
    dev: true

  /@vue/reactivity@3.2.44:
    resolution: {integrity: sha512-Fe0s52fTsPl+RSdvoqUZ3HRKlaVsKhIh1mea5EWOedFvZCjnymzlj3YC1wZMxi89qXRFSdEASVA/BWUGypk0Ig==}
    dependencies:
      '@vue/shared': 3.2.44
    dev: true

  /@vue/runtime-core@3.2.44:
    resolution: {integrity: sha512-uwEV1cttL33k2dC+CNGYhKEYqGejT9KmgQ+4n/LmYUfZ1Gorl8F32DlIX+1pANyGHL1tBAisqHDxKyQBp2oBNA==}
    dependencies:
      '@vue/reactivity': 3.2.44
      '@vue/shared': 3.2.44
    dev: true

  /@vue/runtime-dom@3.2.44:
    resolution: {integrity: sha512-LDzNwXpU/nSpxrLk5jS0bfStgt88msgsgFzj6vHrl7es3QktIrCGybQS5CB/p/TO0q98iAiYtEVmi+Lej7Vgjg==}
    dependencies:
      '@vue/runtime-core': 3.2.44
      '@vue/shared': 3.2.44
      csstype: 2.6.21
    dev: true

  /@vue/server-renderer@3.2.44(vue@3.2.44):
    resolution: {integrity: sha512-3+ArN07UgOAdbGKIp3uVqeC3bnR3J324QNjPR6vxHbLrTlkibFv8QNled/ux3fVq0KDCkVVKGOKB2V4sCIYOgg==}
    peerDependencies:
      vue: 3.2.44
    dependencies:
      '@vue/compiler-ssr': 3.2.44
      '@vue/shared': 3.2.44
      vue: 3.2.44
    dev: true

  /@vue/shared@3.2.44:
    resolution: {integrity: sha512-mGZ44bnn0zpZ36nXtxbrBPno43yr96wjQE1dBEKS1Sieugt27HS4OGZVBRIgsdGzosB7vqZAvu0ttu1FDVdolA==}
    dev: true

  /@vueuse/core@9.13.0(vue@3.2.44):
    resolution: {integrity: sha512-pujnclbeHWxxPRqXWmdkKV5OX4Wk4YeK7wusHqRwU0Q7EFusHoqNA/aPhB6KCh9hEqJkLAJo7bb0Lh9b+OIVzw==}
    dependencies:
      '@types/web-bluetooth': 0.0.16
      '@vueuse/metadata': 9.13.0
      '@vueuse/shared': 9.13.0(vue@3.2.44)
      vue-demi: 0.14.10(vue@3.2.44)
    transitivePeerDependencies:
      - '@vue/composition-api'
      - vue
    dev: true

  /@vueuse/metadata@9.13.0:
    resolution: {integrity: sha512-gdU7TKNAUVlXXLbaF+ZCfte8BjRJQWPCa2J55+7/h+yDtzw3vOoGQDRXzI6pyKyo6bXFT5/QoPE4hAknExjRLQ==}
    dev: true

  /@vueuse/shared@9.13.0(vue@3.2.44):
    resolution: {integrity: sha512-UrnhU+Cnufu4S6JLCPZnkWh0WwZGUp72ktOF2DFptMlOs3TOdVv8xJN53zhHGARmVOsz5KqOls09+J1NR6sBKw==}
    dependencies:
      vue-demi: 0.14.10(vue@3.2.44)
    transitivePeerDependencies:
      - '@vue/composition-api'
      - vue
    dev: true

  /algoliasearch@5.46.1:
    resolution: {integrity: sha512-39ol8Ulqb3MntofkXHlrcXKyU8BU0PXvQrXPBIX6eXj/EO4VT7651mhGVORI2oF8ydya9nFzT3fYDoqme/KL6w==}
    engines: {node: '>= 14.0.0'}
    dependencies:
      '@algolia/abtesting': 1.12.1
      '@algolia/client-abtesting': 5.46.1
      '@algolia/client-analytics': 5.46.1
      '@algolia/client-common': 5.46.1
      '@algolia/client-insights': 5.46.1
      '@algolia/client-personalization': 5.46.1
      '@algolia/client-query-suggestions': 5.46.1
      '@algolia/client-search': 5.46.1
      '@algolia/ingestion': 1.46.1
      '@algolia/monitoring': 1.46.1
      '@algolia/recommend': 5.46.1
      '@algolia/requester-browser-xhr': 5.46.1
      '@algolia/requester-fetch': 5.46.1
      '@algolia/requester-node-http': 5.46.1
    dev: true

  /body-scroll-lock@4.0.0-beta.0:
    resolution: {integrity: sha512-a7tP5+0Mw3YlUJcGAKUqIBkYYGlYxk2fnCasq/FUph1hadxlTRjF+gAcZksxANnaMnALjxEddmSi/H3OR8ugcQ==}
    dev: true

  /csstype@2.6.21:
    resolution: {integrity: sha512-Z1PhmomIfypOpoMjRQB70jfvy/wxT50qW08YXO5lMIJkrdq4yOTR+AW7FqutScmB9NkLwxo+jU+kZLbofZZq/w==}
    dev: true

  /esbuild-android-64@0.15.18:
    resolution: {integrity: sha512-wnpt3OXRhcjfIDSZu9bnzT4/TNTDsOUvip0foZOUBG7QbSt//w3QV4FInVJxNhKc/ErhUxc5z4QjHtMi7/TbgA==}
    engines: {node: '>=12'}
    cpu: [x64]
    os: [android]
    requiresBuild: true
    dev: true
    optional: true

  /esbuild-android-arm64@0.15.18:
    resolution: {integrity: sha512-G4xu89B8FCzav9XU8EjsXacCKSG2FT7wW9J6hOc18soEHJdtWu03L3TQDGf0geNxfLTtxENKBzMSq9LlbjS8OQ==}
    engines: {node: '>=12'}
    cpu: [arm64]
    os: [android]
    requiresBuild: true
    dev: true
    optional: true

  /esbuild-darwin-64@0.15.18:
    resolution: {integrity: sha512-2WAvs95uPnVJPuYKP0Eqx+Dl/jaYseZEUUT1sjg97TJa4oBtbAKnPnl3b5M9l51/nbx7+QAEtuummJZW0sBEmg==}
    engines: {node: '>=12'}
    cpu: [x64]
    os: [darwin]
    requiresBuild: true
    dev: true
    optional: true

  /esbuild-darwin-arm64@0.15.18:
    resolution: {integrity: sha512-tKPSxcTJ5OmNb1btVikATJ8NftlyNlc8BVNtyT/UAr62JFOhwHlnoPrhYWz09akBLHI9nElFVfWSTSRsrZiDUA==}
    engines: {node: '>=12'}
    cpu: [arm64]
    os: [darwin]
    requiresBuild: true
    dev: true
    optional: true

  /esbuild-freebsd-64@0.15.18:
    resolution: {integrity: sha512-TT3uBUxkteAjR1QbsmvSsjpKjOX6UkCstr8nMr+q7zi3NuZ1oIpa8U41Y8I8dJH2fJgdC3Dj3CXO5biLQpfdZA==}
    engines: {node: '>=12'}
    cpu: [x64]
    os: [freebsd]
    requiresBuild: true
    dev: true
    optional: true

  /esbuild-freebsd-arm64@0.15.18:
    resolution: {integrity: sha512-R/oVr+X3Tkh+S0+tL41wRMbdWtpWB8hEAMsOXDumSSa6qJR89U0S/PpLXrGF7Wk/JykfpWNokERUpCeHDl47wA==}
    engines: {node: '>=12'}
    cpu: [arm64]
    os: [freebsd]
    requiresBuild: true
    dev: true
    optional: true

  /esbuild-linux-32@0.15.18:
    resolution: {integrity: sha512-lphF3HiCSYtaa9p1DtXndiQEeQDKPl9eN/XNoBf2amEghugNuqXNZA/ZovthNE2aa4EN43WroO0B85xVSjYkbg==}
    engines: {node: '>=12'}
    cpu: [ia32]
    os: [linux]
    requiresBuild: true
    dev: true
    optional: true

  /esbuild-linux-64@0.15.18:
    resolution: {integrity: sha512-hNSeP97IviD7oxLKFuii5sDPJ+QHeiFTFLoLm7NZQligur8poNOWGIgpQ7Qf8Balb69hptMZzyOBIPtY09GZYw==}
    engines: {node: '>=12'}
    cpu: [x64]
    os: [linux]
    requiresBuild: true
    dev: true
    optional: true

  /esbuild-linux-arm64@0.15.18:
    resolution: {integrity: sha512-54qr8kg/6ilcxd+0V3h9rjT4qmjc0CccMVWrjOEM/pEcUzt8X62HfBSeZfT2ECpM7104mk4yfQXkosY8Quptug==}
    engines: {node: '>=12'}
    cpu: [arm64]
    os: [linux]
    requiresBuild: true
    dev: true
    optional: true

  /esbuild-linux-arm@0.15.18:
    resolution: {integrity: sha512-UH779gstRblS4aoS2qpMl3wjg7U0j+ygu3GjIeTonCcN79ZvpPee12Qun3vcdxX+37O5LFxz39XeW2I9bybMVA==}
    engines: {node: '>=12'}
    cpu: [arm]
    os: [linux]
    requiresBuild: true
    dev: true
    optional: true

  /esbuild-linux-mips64le@0.15.18:
    resolution: {integrity: sha512-Mk6Ppwzzz3YbMl/ZZL2P0q1tnYqh/trYZ1VfNP47C31yT0K8t9s7Z077QrDA/guU60tGNp2GOwCQnp+DYv7bxQ==}
    engines: {node: '>=12'}
    cpu: [mips64el]
    os: [linux]
    requiresBuild: true
    dev: true
    optional: true

  /esbuild-linux-ppc64le@0.15.18:
    resolution: {integrity: sha512-b0XkN4pL9WUulPTa/VKHx2wLCgvIAbgwABGnKMY19WhKZPT+8BxhZdqz6EgkqCLld7X5qiCY2F/bfpUUlnFZ9w==}
    engines: {node: '>=12'}
    cpu: [ppc64]
    os: [linux]
    requiresBuild: true
    dev: true
    optional: true

  /esbuild-linux-riscv64@0.15.18:
    resolution: {integrity: sha512-ba2COaoF5wL6VLZWn04k+ACZjZ6NYniMSQStodFKH/Pu6RxzQqzsmjR1t9QC89VYJxBeyVPTaHuBMCejl3O/xg==}
    engines: {node: '>=12'}
    cpu: [riscv64]
    os: [linux]
    requiresBuild: true
    dev: true
    optional: true

  /esbuild-linux-s390x@0.15.18:
    resolution: {integrity: sha512-VbpGuXEl5FCs1wDVp93O8UIzl3ZrglgnSQ+Hu79g7hZu6te6/YHgVJxCM2SqfIila0J3k0csfnf8VD2W7u2kzQ==}
    engines: {node: '>=12'}
    cpu: [s390x]
    os: [linux]
    requiresBuild: true
    dev: true
    optional: true

  /esbuild-netbsd-64@0.15.18:
    resolution: {integrity: sha512-98ukeCdvdX7wr1vUYQzKo4kQ0N2p27H7I11maINv73fVEXt2kyh4K4m9f35U1K43Xc2QGXlzAw0K9yoU7JUjOg==}
    engines: {node: '>=12'}
    cpu: [x64]
    os: [netbsd]
    requiresBuild: true
    dev: true
    optional: true

  /esbuild-openbsd-64@0.15.18:
    resolution: {integrity: sha512-yK5NCcH31Uae076AyQAXeJzt/vxIo9+omZRKj1pauhk3ITuADzuOx5N2fdHrAKPxN+zH3w96uFKlY7yIn490xQ==}
    engines: {node: '>=12'}
    cpu: [x64]
    os: [openbsd]
    requiresBuild: true
    dev: true
    optional: true

  /esbuild-sunos-64@0.15.18:
    resolution: {integrity: sha512-On22LLFlBeLNj/YF3FT+cXcyKPEI263nflYlAhz5crxtp3yRG1Ugfr7ITyxmCmjm4vbN/dGrb/B7w7U8yJR9yw==}
    engines: {node: '>=12'}
    cpu: [x64]
    os: [sunos]
    requiresBuild: true
    dev: true
    optional: true

  /esbuild-windows-32@0.15.18:
    resolution: {integrity: sha512-o+eyLu2MjVny/nt+E0uPnBxYuJHBvho8vWsC2lV61A7wwTWC3jkN2w36jtA+yv1UgYkHRihPuQsL23hsCYGcOQ==}
    engines: {node: '>=12'}
    cpu: [ia32]
    os: [win32]
    requiresBuild: true
    dev: true
    optional: true

  /esbuild-windows-64@0.15.18:
    resolution: {integrity: sha512-qinug1iTTaIIrCorAUjR0fcBk24fjzEedFYhhispP8Oc7SFvs+XeW3YpAKiKp8dRpizl4YYAhxMjlftAMJiaUw==}
    engines: {node: '>=12'}
    cpu: [x64]
    os: [win32]
    requiresBuild: true
    dev: true
    optional: true

  /esbuild-windows-arm64@0.15.18:
    resolution: {integrity: sha512-q9bsYzegpZcLziq0zgUi5KqGVtfhjxGbnksaBFYmWLxeV/S1fK4OLdq2DFYnXcLMjlZw2L0jLsk1eGoB522WXQ==}
    engines: {node: '>=12'}
    cpu: [arm64]
    os: [win32]
    requiresBuild: true
    dev: true
    optional: true

  /esbuild@0.15.18:
    resolution: {integrity: sha512-x/R72SmW3sSFRm5zrrIjAhCeQSAWoni3CmHEqfQrZIQTM3lVCdehdwuIqaOtfC2slvpdlLa62GYoN8SxT23m6Q==}
    engines: {node: '>=12'}
    hasBin: true
    requiresBuild: true
    optionalDependencies:
      '@esbuild/android-arm': 0.15.18
      '@esbuild/linux-loong64': 0.15.18
      esbuild-android-64: 0.15.18
      esbuild-android-arm64: 0.15.18
      esbuild-darwin-64: 0.15.18
      esbuild-darwin-arm64: 0.15.18
      esbuild-freebsd-64: 0.15.18
      esbuild-freebsd-arm64: 0.15.18
      esbuild-linux-32: 0.15.18
      esbuild-linux-64: 0.15.18
      esbuild-linux-arm: 0.15.18
      esbuild-linux-arm64: 0.15.18
      esbuild-linux-mips64le: 0.15.18
      esbuild-linux-ppc64le: 0.15.18
      esbuild-linux-riscv64: 0.15.18
      esbuild-linux-s390x: 0.15.18
      esbuild-netbsd-64: 0.15.18
      esbuild-openbsd-64: 0.15.18
      esbuild-sunos-64: 0.15.18
      esbuild-windows-32: 0.15.18
      esbuild-windows-64: 0.15.18
      esbuild-windows-arm64: 0.15.18
    dev: true

  /estree-walker@2.0.2:
    resolution: {integrity: sha512-Rfkk/Mp/DL7JVje3u18FxFujQlTNR2q6QfMSMB7AvCBx91NGj/ba3kCfza0f6dVDbw7YlRf/nDrn7pQrCCyQ/w==}
    dev: true

  /fsevents@2.3.3:
    resolution: {integrity: sha512-5xoDfX+fL7faATnagmWPpbFtwh/R77WmMMqqHGS65C3vvB0YHrgF+B1YmZ3441tMj5n63k0212XNoJwzlhffQw==}
    engines: {node: ^8.16.0 || ^10.6.0 || >=11.0.0}
    os: [darwin]
    requiresBuild: true
    dev: true
    optional: true

  /function-bind@1.1.2:
    resolution: {integrity: sha512-7XHNxH7qX9xG5mIwxkhumTox/MIRNcOgDrxWsMt2pAr23WHp6MrRlN7FBSFpCpr+oVO0F744iUgR82nJMfG2SA==}
    dev: true

  /hasown@2.0.2:
    resolution: {integrity: sha512-0hJU9SCPvmMzIBdZFqNPXWa6dqh7WdH0cII9y+CyS8rG3nL48Bclra9HmKhVVUHyPWNH5Y7xDwAB7bfgSjkUMQ==}
    engines: {node: '>= 0.4'}
    dependencies:
      function-bind: 1.1.2
    dev: true

  /is-core-module@2.16.1:
    resolution: {integrity: sha512-UfoeMA6fIJ8wTYFEUjelnaGI67v6+N7qXJEvQuIGa99l4xsCruSYOVSQ0uPANn4dAzm8lkYPaKLrrijLq7x23w==}
    engines: {node: '>= 0.4'}
    dependencies:
      hasown: 2.0.2
    dev: true

  /jsonc-parser@3.3.1:
    resolution: {integrity: sha512-HUgH65KyejrUFPvHFPbqOY0rsFip3Bo5wb4ngvdi1EpCYWUQDC5V+Y7mZws+DLkr4M//zQJoanu1SP+87Dv1oQ==}
    dev: true

  /magic-string@0.25.9:
    resolution: {integrity: sha512-RmF0AsMzgt25qzqqLc1+MbHmhdx0ojF2Fvs4XnOqz2ZOBXzzkEwc/dJQZCYHAn7v1jbVOjAZfK8msRn4BxO4VQ==}
    dependencies:
      sourcemap-codec: 1.4.8
    dev: true

  /nanoid@3.3.11:
    resolution: {integrity: sha512-N8SpfPUnUp1bK+PMYW8qSWdl9U+wwNWI4QKxOYDy9JAro3WMX7p2OeVRF9v+347pnakNevPmiHhNmZ2HbFA76w==}
    engines: {node: ^10 || ^12 || ^13.7 || ^14 || >=15.0.1}
    hasBin: true
    dev: true

  /path-parse@1.0.7:
    resolution: {integrity: sha512-LDJzPVEEEPR+y48z93A0Ed0yXb8pAByGWo/k5YYdYgpY2/2EsOsksJrq7lOHxryrVOn1ejG6oAp8ahvOIQD8sw==}
    dev: true

  /picocolors@1.1.1:
    resolution: {integrity: sha512-xceH2snhtb5M9liqDsmEw56le376mTZkEX/jEb/RxNFyegNul7eNslCXP9FDj/Lcu0X8KEyMceP2ntpaHrDEVA==}
    dev: true

  /postcss@8.5.6:
    resolution: {integrity: sha512-3Ybi1tAuwAP9s0r1UQ2J4n5Y0G05bJkpUIO0/bI9MhwmD70S5aTWbXGBwxHrelT+XM1k6dM0pk+SwNkpTRN7Pg==}
    engines: {node: ^10 || ^12 || >=14}
    dependencies:
      nanoid: 3.3.11
      picocolors: 1.1.1
      source-map-js: 1.2.1
    dev: true

  /preact@10.28.0:
    resolution: {integrity: sha512-rytDAoiXr3+t6OIP3WGlDd0ouCUG1iCWzkcY3++Nreuoi17y6T5i/zRhe6uYfoVcxq6YU+sBtJouuRDsq8vvqA==}
    dev: true

  /resolve@1.22.11:
    resolution: {integrity: sha512-RfqAvLnMl313r7c9oclB1HhUEAezcpLjz95wFH4LVuhk9JF/r22qmVP9AMmOU4vMX7Q8pN8jwNg/CSpdFnMjTQ==}
    engines: {node: '>= 0.4'}
    hasBin: true
    dependencies:
      is-core-module: 2.16.1
      path-parse: 1.0.7
      supports-preserve-symlinks-flag: 1.0.0
    dev: true

  /rollup@2.79.2:
    resolution: {integrity: sha512-fS6iqSPZDs3dr/y7Od6y5nha8dW1YnbgtsyotCVvoFGKbERG++CVRFv1meyGDE1SNItQA8BrnCw7ScdAhRJ3XQ==}
    engines: {node: '>=10.0.0'}
    hasBin: true
    optionalDependencies:
      fsevents: 2.3.3
    dev: true

  /search-insights@2.17.3:
    resolution: {integrity: sha512-RQPdCYTa8A68uM2jwxoY842xDhvx3E5LFL1LxvxCNMev4o5mLuokczhzjAgGwUZBAmOKZknArSxLKmXtIi2AxQ==}
    dev: true

  /shiki@0.11.1:
    resolution: {integrity: sha512-EugY9VASFuDqOexOgXR18ZV+TbFrQHeCpEYaXamO+SZlsnT/2LxuLBX25GGtIrwaEVFXUAbUQ601SWE2rMwWHA==}
    dependencies:
      jsonc-parser: 3.3.1
      vscode-oniguruma: 1.7.0
      vscode-textmate: 6.0.0
    dev: true

  /source-map-js@1.2.1:
    resolution: {integrity: sha512-UXWMKhLOwVKb728IUtQPXxfYU+usdybtUrK/8uGE8CQMvrhOpwvzDBwj0QhSL7MQc7vIsISBG8VQ8+IDQxpfQA==}
    engines: {node: '>=0.10.0'}
    dev: true

  /source-map@0.6.1:
    resolution: {integrity: sha512-UjgapumWlbMhkBgzT7Ykc5YXUT46F0iKu8SGXq0bcwP5dz/h0Plj6enJqjz1Zbq2l5WaqYnrVbwWOWMyF3F47g==}
    engines: {node: '>=0.10.0'}
    dev: true

  /sourcemap-codec@1.4.8:
    resolution: {integrity: sha512-9NykojV5Uih4lgo5So5dtw+f0JgJX30KCNI8gwhz2J9A15wD0Ml6tjHKwf6fTSa6fAdVBdZeNOs9eJ71qCk8vA==}
    deprecated: Please use @jridgewell/sourcemap-codec instead
    dev: true

  /supports-preserve-symlinks-flag@1.0.0:
    resolution: {integrity: sha512-ot0WnXS9fgdkgIcePe6RHNk1WA8+muPa6cSjeR3V8K27q9BB1rTE3R1p7Hv0z1ZyAc8s6Vvv8DIyWf681MAt0w==}
    engines: {node: '>= 0.4'}
    dev: true

  /vite@3.2.11:
    resolution: {integrity: sha512-K/jGKL/PgbIgKCiJo5QbASQhFiV02X9Jh+Qq0AKCRCRKZtOTVi4t6wh75FDpGf2N9rYOnzH87OEFQNaFy6pdxQ==}
    engines: {node: ^14.18.0 || >=16.0.0}
    hasBin: true
    peerDependencies:
      '@types/node': '>= 14'
      less: '*'
      sass: '*'
      stylus: '*'
      sugarss: '*'
      terser: ^5.4.0
    peerDependenciesMeta:
      '@types/node':
        optional: true
      less:
        optional: true
      sass:
        optional: true
      stylus:
        optional: true
      sugarss:
        optional: true
      terser:
        optional: true
    dependencies:
      esbuild: 0.15.18
      postcss: 8.5.6
      resolve: 1.22.11
      rollup: 2.79.2
    optionalDependencies:
      fsevents: 2.3.3
    dev: true

  /vitepress@1.0.0-alpha.28(search-insights@2.17.3):
    resolution: {integrity: sha512-pvbLssDMgLUN1terajmPlFBxHSDGO4DqwexKbjFyr7LeELerVuwGrG6F2J1hxmwOlbpLd1kHXEDqGm9JX/kTDQ==}
    hasBin: true
    dependencies:
      '@docsearch/css': 3.9.0
      '@docsearch/js': 3.9.0(search-insights@2.17.3)
      '@vitejs/plugin-vue': 3.2.0(vite@3.2.11)(vue@3.2.44)
      '@vue/devtools-api': 6.6.4
      '@vueuse/core': 9.13.0(vue@3.2.44)
      body-scroll-lock: 4.0.0-beta.0
      shiki: 0.11.1
      vite: 3.2.11
      vue: 3.2.44
    transitivePeerDependencies:
      - '@algolia/client-search'
      - '@types/node'
      - '@types/react'
      - '@vue/composition-api'
      - less
      - react
      - react-dom
      - sass
      - search-insights
      - stylus
      - sugarss
      - terser
    dev: true

  /vscode-oniguruma@1.7.0:
    resolution: {integrity: sha512-L9WMGRfrjOhgHSdOYgCt/yRMsXzLDJSL7BPrOZt73gU0iWO4mpqzqQzOz5srxqTvMBaR0XZTSrVWo4j55Rc6cA==}
    dev: true

  /vscode-textmate@6.0.0:
    resolution: {integrity: sha512-gu73tuZfJgu+mvCSy4UZwd2JXykjK9zAZsfmDeut5dx/1a7FeTk0XwJsSuqQn+cuMCGVbIBfl+s53X4T19DnzQ==}
    dev: true

  /vue-demi@0.14.10(vue@3.2.44):
    resolution: {integrity: sha512-nMZBOwuzabUO0nLgIcc6rycZEebF6eeUfaiQx9+WSk8e29IbLvPU9feI6tqW4kTo3hvoYAJkMh8n8D0fuISphg==}
    engines: {node: '>=12'}
    hasBin: true
    requiresBuild: true
    peerDependencies:
      '@vue/composition-api': ^1.0.0-rc.1
      vue: ^3.0.0-0 || ^2.6.0
    peerDependenciesMeta:
      '@vue/composition-api':
        optional: true
    dependencies:
      vue: 3.2.44
    dev: true

  /vue@3.2.44:
    resolution: {integrity: sha512-nyNtFDh+0TpRgYCUVfPD1mJ9PpIsCPXaOF4DeGNIT5vQ4X23ykflGq3Sy2P+tEt1/pQZxZnAysuRKwyhNj+Cjw==}
    dependencies:
      '@vue/compiler-dom': 3.2.44
      '@vue/compiler-sfc': 3.2.44
      '@vue/runtime-dom': 3.2.44
      '@vue/server-renderer': 3.2.44(vue@3.2.44)
      '@vue/shared': 3.2.44
    dev: true
